schema: '2.0'
stages:
  train_model:
    cmd: python src/train.py
    deps:
    - path: data/dataset.csv
      hash: md5
      md5: 9635ba46de2a234a11f6e99846d7e713
      size: 39
    - path: src/train.py
      hash: md5
      md5: e1c37cceafe28b3882e41859e41a1e19
      size: 614
      isexec: true
    outs:
    - path: models/model.pkl
      hash: md5
      md5: 09bc0fd7fdf22db7c483bdc8c1f91373
      size: 531
